
Microsoft Visual Studio Solution File, Format Version 12.00
# Visual Studio Version 17
VisualStudioVersion = 17.0.31903.59
MinimumVisualStudioVersion = 10.0.40219.1
Project("{FAE04EC0-301F-11D3-BF4B-00C04F79EFBC}") = "fizzBuzz", "fizzBuzz\fizzBuzz.csproj", "{113C3C62-3EF7-40B6-B242-2635D0FF4F9F}"
EndProject
Project("{FAE04EC0-301F-11D3-BF4B-00C04F79EFBC}") = "fizzBuzz.Tests", "fizzBuzz.Tests\fizzBuzz.Tests.csproj", "{BFE578C2-6F8D-4855-BA49-D247BDEBDDA4}"
EndProject
Global
	GlobalSection(SolutionConfigurationPlatforms) = preSolution
		Debug|Any CPU = Debug|Any CPU
		Release|Any CPU = Release|Any CPU
	EndGlobalSection
	GlobalSection(SolutionProperties) = preSolution
		HideSolutionNode = FALSE
	EndGlobalSection
	GlobalSection(ProjectConfigurationPlatforms) = postSolution
		{113C3C62-3EF7-40B6-B242-2635D0FF4F9F}.Debug|Any CPU.ActiveCfg = Debug|Any CPU
		{113C3C62-3EF7-40B6-B242-2635D0FF4F9F}.Debug|Any CPU.Build.0 = Debug|Any CPU
		{113C3C62-3EF7-40B6-B242-2635D0FF4F9F}.Release|Any CPU.ActiveCfg = Release|Any CPU
		{113C3C62-3EF7-40B6-B242-2635D0FF4F9F}.Release|Any CPU.Build.0 = Release|Any CPU
		{BFE578C2-6F8D-4855-BA49-D247BDEBDDA4}.Debug|Any CPU.ActiveCfg = Debug|Any CPU
		{BFE578C2-6F8D-4855-BA49-D247BDEBDDA4}.Debug|Any CPU.Build.0 = Debug|Any CPU
		{BFE578C2-6F8D-4855-BA49-D247BDEBDDA4}.Release|Any CPU.ActiveCfg = Release|Any CPU
		{BFE578C2-6F8D-4855-BA49-D247BDEBDDA4}.Release|Any CPU.Build.0 = Release|Any CPU
	EndGlobalSection
EndGlobal
